
Microsoft Visual Studio Solution File, Format Version 12.00
# Visual Studio Version 16
VisualStudioVersion = 16.0.30907.101
MinimumVisualStudioVersion = 10.0.40219.1
Project("{9A19103F-16F7-4668-BE54-9A1E7A4F7556}") = "TRPG", "TRPG\TRPG.csproj", "{205F653A-DA20-4127-A1D4-847A58746557}"
EndProject
Project("{9A19103F-16F7-4668-BE54-9A1E7A4F7556}") = "TRPG_Tester", "TRPG_Tester\TRPG_Tester.csproj", "{0215D0FD-9D3C-4428-AE18-E9BB373EB514}"
EndProject
Global
	GlobalSection(SolutionConfigurationPlatforms) = preSolution
		Debug|Any CPU = Debug|Any CPU
		Release|Any CPU = Release|Any CPU
	EndGlobalSection
	GlobalSection(ProjectConfigurationPlatforms) = postSolution
		{205F653A-DA20-4127-A1D4-847A58746557}.Debug|Any CPU.ActiveCfg = Debug|Any CPU
		{205F653A-DA20-4127-A1D4-847A58746557}.Debug|Any CPU.Build.0 = Debug|Any CPU
		{205F653A-DA20-4127-A1D4-847A58746557}.Release|Any CPU.ActiveCfg = Release|Any CPU
		{205F653A-DA20-4127-A1D4-847A58746557}.Release|Any CPU.Build.0 = Release|Any CPU
		{0215D0FD-9D3C-4428-AE18-E9BB373EB514}.Debug|Any CPU.ActiveCfg = Debug|Any CPU
		{0215D0FD-9D3C-4428-AE18-E9BB373EB514}.Debug|Any CPU.Build.0 = Debug|Any CPU
		{0215D0FD-9D3C-4428-AE18-E9BB373EB514}.Release|Any CPU.ActiveCfg = Release|Any CPU
		{0215D0FD-9D3C-4428-AE18-E9BB373EB514}.Release|Any CPU.Build.0 = Release|Any CPU
	EndGlobalSection
	GlobalSection(SolutionProperties) = preSolution
		HideSolutionNode = FALSE
	EndGlobalSection
	GlobalSection(ExtensibilityGlobals) = postSolution
		SolutionGuid = {C9B20FC0-8229-4E8C-A6DB-ECE8667BCAB5}
	EndGlobalSection
EndGlobal
